
Microsoft Visual Studio Solution File, Format Version 12.00
# Visual Studio Version 17
VisualStudioVersion = 17.7.34024.191
MinimumVisualStudioVersion = 10.0.40219.1
Project("{FAE04EC0-301F-11D3-BF4B-00C04F79EFBC}") = "XML consola", "XML consola\XML consola.csproj", "{1913CC73-BD05-4AC3-8646-2BD66CBD812D}"
EndProject
Global
	GlobalSection(SolutionConfigurationPlatforms) = preSolution
		Debug|Any CPU = Debug|Any CPU
		Release|Any CPU = Release|Any CPU
	EndGlobalSection
	GlobalSection(ProjectConfigurationPlatforms) = postSolution
		{1913CC73-BD05-4AC3-8646-2BD66CBD812D}.Debug|Any CPU.ActiveCfg = Debug|Any CPU
		{1913CC73-BD05-4AC3-8646-2BD66CBD812D}.Debug|Any CPU.Build.0 = Debug|Any CPU
		{1913CC73-BD05-4AC3-8646-2BD66CBD812D}.Release|Any CPU.ActiveCfg = Release|Any CPU
		{1913CC73-BD05-4AC3-8646-2BD66CBD812D}.Release|Any CPU.Build.0 = Release|Any CPU
	EndGlobalSection
	GlobalSection(SolutionProperties) = preSolution
		HideSolutionNode = FALSE
	EndGlobalSection
	GlobalSection(ExtensibilityGlobals) = postSolution
		SolutionGuid = {F800F673-F9AC-4986-92D9-1C8CCFFDFD2C}
	EndGlobalSection
EndGlobal
